
Microsoft Visual Studio Solution File, Format Version 12.00
# Visual Studio 15
VisualStudioVersion = 15.0.27428.2015
MinimumVisualStudioVersion = 10.0.40219.1
Project("{888888A0-9F3D-457C-B088-3A5042F75D52}") = "DL_Course2_Week-7", "DL_Course2_Week-7\DL_Course2_Week-7.pyproj", "{E201C49F-21C4-4B5F-8FC9-4361742B2508}"
EndProject
Global
	GlobalSection(SolutionConfigurationPlatforms) = preSolution
		Debug|Any CPU = Debug|Any CPU
		Release|Any CPU = Release|Any CPU
	EndGlobalSection
	GlobalSection(ProjectConfigurationPlatforms) = postSolution
		{E201C49F-21C4-4B5F-8FC9-4361742B2508}.Debug|Any CPU.ActiveCfg = Debug|Any CPU
		{E201C49F-21C4-4B5F-8FC9-4361742B2508}.Release|Any CPU.ActiveCfg = Release|Any CPU
	EndGlobalSection
	GlobalSection(SolutionProperties) = preSolution
		HideSolutionNode = FALSE
	EndGlobalSection
	GlobalSection(ExtensibilityGlobals) = postSolution
		SolutionGuid = {037ECD25-C4A7-40F2-85B7-F5F0C248CC09}
	EndGlobalSection
EndGlobal
