
Microsoft Visual Studio Solution File, Format Version 12.00
# Visual Studio 15
VisualStudioVersion = 15.0.27428.2015
MinimumVisualStudioVersion = 10.0.40219.1
Project("{888888A0-9F3D-457C-B088-3A5042F75D52}") = "DL_Course1_Week-3", "DL_Course1_Week-3\DL_Course1_Week-3.pyproj", "{BC37B8DF-AEF7-4307-88E1-90948B1F5645}"
EndProject
Global
	GlobalSection(SolutionConfigurationPlatforms) = preSolution
		Debug|Any CPU = Debug|Any CPU
		Release|Any CPU = Release|Any CPU
	EndGlobalSection
	GlobalSection(ProjectConfigurationPlatforms) = postSolution
		{BC37B8DF-AEF7-4307-88E1-90948B1F5645}.Debug|Any CPU.ActiveCfg = Debug|Any CPU
		{BC37B8DF-AEF7-4307-88E1-90948B1F5645}.Release|Any CPU.ActiveCfg = Release|Any CPU
	EndGlobalSection
	GlobalSection(SolutionProperties) = preSolution
		HideSolutionNode = FALSE
	EndGlobalSection
	GlobalSection(ExtensibilityGlobals) = postSolution
		SolutionGuid = {454660E8-5ACF-4E26-B985-E949AB2B3D90}
	EndGlobalSection
EndGlobal
