
Microsoft Visual Studio Solution File, Format Version 12.00
# Visual Studio 15
VisualStudioVersion = 15.0.27428.2015
MinimumVisualStudioVersion = 10.0.40219.1
Project("{888888A0-9F3D-457C-B088-3A5042F75D52}") = "DL_Course1_Week-4", "DL_Course1_Week-4\DL_Course1_Week-4.pyproj", "{B6109EA1-9FA2-4505-A9B6-22254AACDED8}"
EndProject
Global
	GlobalSection(SolutionConfigurationPlatforms) = preSolution
		Debug|Any CPU = Debug|Any CPU
		Release|Any CPU = Release|Any CPU
	EndGlobalSection
	GlobalSection(ProjectConfigurationPlatforms) = postSolution
		{B6109EA1-9FA2-4505-A9B6-22254AACDED8}.Debug|Any CPU.ActiveCfg = Debug|Any CPU
		{B6109EA1-9FA2-4505-A9B6-22254AACDED8}.Release|Any CPU.ActiveCfg = Release|Any CPU
	EndGlobalSection
	GlobalSection(SolutionProperties) = preSolution
		HideSolutionNode = FALSE
	EndGlobalSection
	GlobalSection(ExtensibilityGlobals) = postSolution
		SolutionGuid = {682D4DDC-E256-4C1C-9A9E-845F65A3D8BE}
	EndGlobalSection
EndGlobal
